
Microsoft Visual Studio Solution File, Format Version 12.00
# Visual Studio 15
VisualStudioVersion = 15.0.26228.10
MinimumVisualStudioVersion = 10.0.40219.1
Project("{FAE04EC0-301F-11D3-BF4B-00C04F79EFBC}") = "Service.Email", "Service.Email\Service.Email.csproj", "{190A4957-027A-4F86-978C-8B6C07CF7D49}"
EndProject
Project("{FAE04EC0-301F-11D3-BF4B-00C04F79EFBC}") = "Service.Email.ViewModel", "Service.Email.ViewModel\Service.Email.ViewModel.csproj", "{502E5EB5-8674-4659-A081-9E4E25E9D653}"
EndProject
Project("{FAE04EC0-301F-11D3-BF4B-00C04F79EFBC}") = "Service.Email.Interface", "Service.Email.Interface\Service.Email.Interface.csproj", "{4857BD60-29ED-412A-A671-817706BB874F}"
EndProject
Global
	GlobalSection(SolutionConfigurationPlatforms) = preSolution
		Debug|Any CPU = Debug|Any CPU
		Release|Any CPU = Release|Any CPU
	EndGlobalSection
	GlobalSection(ProjectConfigurationPlatforms) = postSolution
		{190A4957-027A-4F86-978C-8B6C07CF7D49}.Debug|Any CPU.ActiveCfg = Debug|Any CPU
		{190A4957-027A-4F86-978C-8B6C07CF7D49}.Debug|Any CPU.Build.0 = Debug|Any CPU
		{190A4957-027A-4F86-978C-8B6C07CF7D49}.Release|Any CPU.ActiveCfg = Release|Any CPU
		{190A4957-027A-4F86-978C-8B6C07CF7D49}.Release|Any CPU.Build.0 = Release|Any CPU
		{502E5EB5-8674-4659-A081-9E4E25E9D653}.Debug|Any CPU.ActiveCfg = Debug|Any CPU
		{502E5EB5-8674-4659-A081-9E4E25E9D653}.Debug|Any CPU.Build.0 = Debug|Any CPU
		{502E5EB5-8674-4659-A081-9E4E25E9D653}.Release|Any CPU.ActiveCfg = Release|Any CPU
		{502E5EB5-8674-4659-A081-9E4E25E9D653}.Release|Any CPU.Build.0 = Release|Any CPU
		{4857BD60-29ED-412A-A671-817706BB874F}.Debug|Any CPU.ActiveCfg = Debug|Any CPU
		{4857BD60-29ED-412A-A671-817706BB874F}.Debug|Any CPU.Build.0 = Debug|Any CPU
		{4857BD60-29ED-412A-A671-817706BB874F}.Release|Any CPU.ActiveCfg = Release|Any CPU
		{4857BD60-29ED-412A-A671-817706BB874F}.Release|Any CPU.Build.0 = Release|Any CPU
	EndGlobalSection
	GlobalSection(SolutionProperties) = preSolution
		HideSolutionNode = FALSE
	EndGlobalSection
EndGlobal
